// !$*UTF8*$!
{
	archiveVersion = 1;
	classes = {
	};
	objectVersion = 77;
	objects = {

/* Begin PBXBuildFile section */
		729484072F522AB5009C212A /* WidgetKit.framework in Frameworks */ = {isa = PBXBuildFile; fileRef = 729484062F522AB5009C212A /* WidgetKit.framework */; };
		729484092F522AB5009C212A /* SwiftUI.framework in Frameworks */ = {isa = PBXBuildFile; fileRef = 729484082F522AB5009C212A /* SwiftUI.framework */; };
		729484162F522AB7009C212A /* NoLookBudgetWidgetExtension.appex in Embed Foundation Extensions */ = {isa = PBXBuildFile; fileRef = 729484042F522AB5009C212A /* NoLookBudgetWidgetExtension.appex */; settings = {ATTRIBUTES = (RemoveHeadersOnCopy, ); }; };
/* End PBXBuildFile section */

/* Begin PBXContainerItemProxy section */
		729484142F522AB7009C212A /* PBXContainerItemProxy */ = {
			isa = PBXContainerItemProxy;
			containerPortal = 729483962F521118009C212A /* Project object */;
			proxyType = 1;
			remoteGlobalIDString = 729484032F522AB5009C212A;
			remoteInfo = NoLookBudgetWidgetExtension;
		};
		72A19EBF2F58A1C8005F04F0 /* PBXContainerItemProxy */ = {
			isa = PBXContainerItemProxy;
			containerPortal = 729483962F521118009C212A /* Project object */;
			proxyType = 1;
			remoteGlobalIDString = 7294839D2F521118009C212A;
			remoteInfo = NoLookBudget;
		};
/* End PBXContainerItemProxy section */

/* Begin PBXCopyFilesBuildPhase section */
		7294841B2F522AB7009C212A /* Embed Foundation Extensions */ = {
			isa = PBXCopyFilesBuildPhase;
			buildActionMask = 2147483647;
			dstPath = "";
			dstSubfolderSpec = 13;
			files = (
				729484162F522AB7009C212A /* NoLookBudgetWidgetExtension.appex in Embed Foundation Extensions */,
			);
			name = "Embed Foundation Extensions";
			runOnlyForDeploymentPostprocessing = 0;
		};
/* End PBXCopyFilesBuildPhase section */

/* Begin PBXFileReference section */
		7294839E2F521118009C212A /* NoLookBudget.app */ = {isa = PBXFileReference; explicitFileType = wrapper.application; includeInIndex = 0; path = NoLookBudget.app; sourceTree = BUILT_PRODUCTS_DIR; };
		729484042F522AB5009C212A /* NoLookBudgetWidgetExtension.appex */ = {isa = PBXFileReference; explicitFileType = "wrapper.app-extension"; includeInIndex = 0; path = NoLookBudgetWidgetExtension.appex; sourceTree = BUILT_PRODUCTS_DIR; };
		729484062F522AB5009C212A /* WidgetKit.framework */ = {isa = PBXFileReference; lastKnownFileType = wrapper.framework; name = WidgetKit.framework; path = System/Library/Frameworks/WidgetKit.framework; sourceTree = SDKROOT; };
		729484082F522AB5009C212A /* SwiftUI.framework */ = {isa = PBXFileReference; lastKnownFileType = wrapper.framework; name = SwiftUI.framework; path = System/Library/Frameworks/SwiftUI.framework; sourceTree = SDKROOT; };
		72A19EB62F589FEA005F04F0 /* NoLookBudgetWidgetExtension.entitlements */ = {isa = PBXFileReference; lastKnownFileType = text.plist.entitlements; path = NoLookBudgetWidgetExtension.entitlements; sourceTree = "<group>"; };
		72A19EBB2F58A1C8005F04F0 /* NoLookBudgetTests.xctest */ = {isa = PBXFileReference; explicitFileType = wrapper.cfbundle; includeInIndex = 0; path = NoLookBudgetTests.xctest; sourceTree = BUILT_PRODUCTS_DIR; };
/* End PBXFileReference section */

/* Begin PBXFileSystemSynchronizedBuildFileExceptionSet section */
		729484172F522AB7009C212A /* Exceptions for "NoLookBudgetWidget" folder in "NoLookBudgetWidgetExtension" target */ = {
			isa = PBXFileSystemSynchronizedBuildFileExceptionSet;
			membershipExceptions = (
				Info.plist,
			);
			target = 729484032F522AB5009C212A /* NoLookBudgetWidgetExtension */;
		};
		72A19ECE2F58A712005F04F0 /* Exceptions for "NoLookBudget" folder in "NoLookBudgetWidgetExtension" target */ = {
			isa = PBXFileSystemSynchronizedBuildFileExceptionSet;
			membershipExceptions = (
				Models/Budget.swift,
				Models/ExpenseTransaction.swift,
				Models/IOURecord.swift,
				Models/ItemCategory.swift,
				Models/SharedModelContainer.swift,
				Services/TransactionService.swift,
			);
			target = 729484032F522AB5009C212A /* NoLookBudgetWidgetExtension */;
		};
/* End PBXFileSystemSynchronizedBuildFileExceptionSet section */

/* Begin PBXFileSystemSynchronizedRootGroup section */
		729483A02F521118009C212A /* NoLookBudget */ = {
			isa = PBXFileSystemSynchronizedRootGroup;
			exceptions = (
				72A19ECE2F58A712005F04F0 /* Exceptions for "NoLookBudget" folder in "NoLookBudgetWidgetExtension" target */,
			);
			path = NoLookBudget;
			sourceTree = "<group>";
		};
		7294840A2F522AB5009C212A /* NoLookBudgetWidget */ = {
			isa = PBXFileSystemSynchronizedRootGroup;
			exceptions = (
				729484172F522AB7009C212A /* Exceptions for "NoLookBudgetWidget" folder in "NoLookBudgetWidgetExtension" target */,
			);
			path = NoLookBudgetWidget;
			sourceTree = "<group>";
		};
		72A19EBC2F58A1C8005F04F0 /* NoLookBudgetTests */ = {
			isa = PBXFileSystemSynchronizedRootGroup;
			path = NoLookBudgetTests;
			sourceTree = "<group>";
		};
/* End PBXFileSystemSynchronizedRootGroup section */

/* Begin PBXFrameworksBuildPhase section */
		7294839B2F521118009C212A /* Frameworks */ = {
			isa = PBXFrameworksBuildPhase;
			buildActionMask = 2147483647;
			files = (
			);
			runOnlyForDeploymentPostprocessing = 0;
		};
		729484012F522AB5009C212A /* Frameworks */ = {
			isa = PBXFrameworksBuildPhase;
			buildActionMask = 2147483647;
			files = (
				729484092F522AB5009C212A /* SwiftUI.framework in Frameworks */,
				729484072F522AB5009C212A /* WidgetKit.framework in Frameworks */,
			);
			runOnlyForDeploymentPostprocessing = 0;
		};
		72A19EB82F58A1C8005F04F0 /* Frameworks */ = {
			isa = PBXFrameworksBuildPhase;
			buildActionMask = 2147483647;
			files = (
			);
			runOnlyForDeploymentPostprocessing = 0;
		};
/* End PBXFrameworksBuildPhase section */

/* Begin PBXGroup section */
		729483952F521118009C212A = {
			isa = PBXGroup;
			children = (
				72A19EB62F589FEA005F04F0 /* NoLookBudgetWidgetExtension.entitlements */,
				729483A02F521118009C212A /* NoLookBudget */,
				7294840A2F522AB5009C212A /* NoLookBudgetWidget */,
				72A19EBC2F58A1C8005F04F0 /* NoLookBudgetTests */,
				729484052F522AB5009C212A /* Frameworks */,
				7294839F2F521118009C212A /* Products */,
			);
			sourceTree = "<group>";
		};
		7294839F2F521118009C212A /* Products */ = {
			isa = PBXGroup;
			children = (
				7294839E2F521118009C212A /* NoLookBudget.app */,
				729484042F522AB5009C212A /* NoLookBudgetWidgetExtension.appex */,
				72A19EBB2F58A1C8005F04F0 /* NoLookBudgetTests.xctest */,
			);
			name = Products;
			sourceTree = "<group>";
		};
		729484052F522AB5009C212A /* Frameworks */ = {
			isa = PBXGroup;
			children = (
				729484062F522AB5009C212A /* WidgetKit.framework */,
				729484082F522AB5009C212A /* SwiftUI.framework */,
			);
			name = Frameworks;
			sourceTree = "<group>";
		};
/* End PBXGroup section */

/* Begin PBXNativeTarget section */
		7294839D2F521118009C212A /* NoLookBudget */ = {
			isa = PBXNativeTarget;
			buildConfigurationList = 729483AB2F521119009C212A /* Build configuration list for PBXNativeTarget "NoLookBudget" */;
			buildPhases = (
				7294839A2F521118009C212A /* Sources */,
				7294839B2F521118009C212A /* Frameworks */,
				7294839C2F521118009C212A /* Resources */,
				7294841B2F522AB7009C212A /* Embed Foundation Extensions */,
			);
			buildRules = (
			);
			dependencies = (
				729484152F522AB7009C212A /* PBXTargetDependency */,
			);
			fileSystemSynchronizedGroups = (
				729483A02F521118009C212A /* NoLookBudget */,
			);
			name = NoLookBudget;
			packageProductDependencies = (
			);
			productName = NoLookBudget;
			productReference = 7294839E2F521118009C212A /* NoLookBudget.app */;
			productType = "com.apple.product-type.application";
		};
		729484032F522AB5009C212A /* NoLookBudgetWidgetExtension */ = {
			isa = PBXNativeTarget;
			buildConfigurationList = 729484182F522AB7009C212A /* Build configuration list for PBXNativeTarget "NoLookBudgetWidgetExtension" */;
			buildPhases = (
				729484002F522AB5009C212A /* Sources */,
				729484012F522AB5009C212A /* Frameworks */,
				729484022F522AB5009C212A /* Resources */,
			);
			buildRules = (
			);
			dependencies = (
			);
			fileSystemSynchronizedGroups = (
				7294840A2F522AB5009C212A /* NoLookBudgetWidget */,
			);
			name = NoLookBudgetWidgetExtension;
			packageProductDependencies = (
			);
			productName = NoLookBudgetWidgetExtension;
			productReference = 729484042F522AB5009C212A /* NoLookBudgetWidgetExtension.appex */;
			productType = "com.apple.product-type.app-extension";
		};
		72A19EBA2F58A1C8005F04F0 /* NoLookBudgetTests */ = {
			isa = PBXNativeTarget;
			buildConfigurationList = 72A19EC12F58A1C8005F04F0 /* Build configuration list for PBXNativeTarget "NoLookBudgetTests" */;
			buildPhases = (
				72A19EB72F58A1C8005F04F0 /* Sources */,
				72A19EB82F58A1C8005F04F0 /* Frameworks */,
				72A19EB92F58A1C8005F04F0 /* Resources */,
			);
			buildRules = (
			);
			dependencies = (
				72A19EC02F58A1C8005F04F0 /* PBXTargetDependency */,
			);
			fileSystemSynchronizedGroups = (
				72A19EBC2F58A1C8005F04F0 /* NoLookBudgetTests */,
			);
			name = NoLookBudgetTests;
			packageProductDependencies = (
			);
			productName = NoLookBudgetTests;
			productReference = 72A19EBB2F58A1C8005F04F0 /* NoLookBudgetTests.xctest */;
			productType = "com.apple.product-type.bundle.unit-test";
		};
/* End PBXNativeTarget section */

/* Begin PBXProject section */
		729483962F521118009C212A /* Project object */ = {
			isa = PBXProject;
			attributes = {
				BuildIndependentTargetsInParallel = 1;
				LastSwiftUpdateCheck = 2630;
				LastUpgradeCheck = 2630;
				TargetAttributes = {
					7294839D2F521118009C212A = {
						CreatedOnToolsVersion = 26.3;
					};
					729484032F522AB5009C212A = {
						CreatedOnToolsVersion = 26.3;
					};
					72A19EBA2F58A1C8005F04F0 = {
						CreatedOnToolsVersion = 26.3;
						TestTargetID = 7294839D2F521118009C212A;
					};
				};
			};
			buildConfigurationList = 729483992F521118009C212A /* Build configuration list for PBXProject "NoLookBudget" */;
			developmentRegion = en;
			hasScannedForEncodings = 0;
			knownRegions = (
				en,
				Base,
			);
			mainGroup = 729483952F521118009C212A;
			minimizedProjectReferenceProxies = 1;
			preferredProjectObjectVersion = 77;
			productRefGroup = 7294839F2F521118009C212A /* Products */;
			projectDirPath = "";
			projectRoot = "";
			targets = (
				7294839D2F521118009C212A /* NoLookBudget */,
				729484032F522AB5009C212A /* NoLookBudgetWidgetExtension */,
				72A19EBA2F58A1C8005F04F0 /* NoLookBudgetTests */,
			);
		};
/* End PBXProject section */

/* Begin PBXResourcesBuildPhase section */
		7294839C2F521118009C212A /* Resources */ = {
			isa = PBXResourcesBuildPhase;
			buildActionMask = 2147483647;
			files = (
			);
			runOnlyForDeploymentPostprocessing = 0;
		};
		729484022F522AB5009C212A /* Resources */ = {
			isa = PBXResourcesBuildPhase;
			buildActionMask = 2147483647;
			files = (
			);
			runOnlyForDeploymentPostprocessing = 0;
		};
		72A19EB92F58A1C8005F04F0 /* Resources */ = {
			isa = PBXResourcesBuildPhase;
			buildActionMask = 2147483647;
			files = (
			);
			runOnlyForDeploymentPostprocessing = 0;
		};
/* End PBXResourcesBuildPhase section */

/* Begin PBXSourcesBuildPhase section */
		7294839A2F521118009C212A /* Sources */ = {
			isa = PBXSourcesBuildPhase;
			buildActionMask = 2147483647;
			files = (
			);
			runOnlyForDeploymentPostprocessing = 0;
		};
		729484002F522AB5009C212A /* Sources */ = {
			isa = PBXSourcesBuildPhase;
			buildActionMask = 2147483647;
			files = (
			);
			runOnlyForDeploymentPostprocessing = 0;
		};
		72A19EB72F58A1C8005F04F0 /* Sources */ = {
			isa = PBXSourcesBuildPhase;
			buildActionMask = 2147483647;
			files = (
			);
			runOnlyForDeploymentPostprocessing = 0;
		};
/* End PBXSourcesBuildPhase section */

/* Begin PBXTargetDependency section */
		729484152F522AB7009C212A /* PBXTargetDependency */ = {
			isa = PBXTargetDependency;
			target = 729484032F522AB5009C212A /* NoLookBudgetWidgetExtension */;
			targetProxy = 729484142F522AB7009C212A /* PBXContainerItemProxy */;
		};
		72A19EC02F58A1C8005F04F0 /* PBXTargetDependency */ = {
			isa = PBXTargetDependency;
			target = 7294839D2F521118009C212A /* NoLookBudget */;
			targetProxy = 72A19EBF2F58A1C8005F04F0 /* PBXContainerItemProxy */;
		};
/* End PBXTargetDependency section */

/* Begin XCBuildConfiguration section */
		729483A92F521119009C212A /* Debug */ = {
			isa = XCBuildConfiguration;
			buildSettings = {
				ALWAYS_SEARCH_USER_PATHS = NO;
				ASSETCATALOG_COMPILER_GENERATE_SWIFT_ASSET_SYMBOL_EXTENSIONS = YES;
				CLANG_ANALYZER_NONNULL = YES;
				CLANG_ANALYZER_NUMBER_OBJECT_CONVERSION = YES_AGGRESSIVE;
				CLANG_CXX_LANGUAGE_STANDARD = "gnu++20";
				CLANG_ENABLE_MODULES = YES;
				CLANG_ENABLE_OBJC_ARC = YES;
				CLANG_ENABLE_OBJC_WEAK = YES;
				CLANG_WARN_BLOCK_CAPTURE_AUTORELEASING = YES;
				CLANG_WARN_BOOL_CONVERSION = YES;
				CLANG_WARN_COMMA = YES;
				CLANG_WARN_CONSTANT_CONVERSION = YES;
				CLANG_WARN_DEPRECATED_OBJC_IMPLEMENTATIONS = YES;
				CLANG_WARN_DIRECT_OBJC_ISA_USAGE = YES_ERROR;
				CLANG_WARN_DOCUMENTATION_COMMENTS = YES;
				CLANG_WARN_EMPTY_BODY = YES;
				CLANG_WARN_ENUM_CONVERSION = YES;
				CLANG_WARN_INFINITE_RECURSION = YES;
				CLANG_WARN_INT_CONVERSION = YES;
				CLANG_WARN_NON_LITERAL_NULL_CONVERSION = YES;
				CLANG_WARN_OBJC_IMPLICIT_RETAIN_SELF = YES;
				CLANG_WARN_OBJC_LITERAL_CONVERSION = YES;
				CLANG_WARN_OBJC_ROOT_CLASS = YES_ERROR;
				CLANG_WARN_QUOTED_INCLUDE_IN_FRAMEWORK_HEADER = YES;
				CLANG_WARN_RANGE_LOOP_ANALYSIS = YES;
				CLANG_WARN_STRICT_PROTOTYPES = YES;
				CLANG_WARN_SUSPICIOUS_MOVE = YES;
				CLANG_WARN_UNGUARDED_AVAILABILITY = YES_AGGRESSIVE;
				CLANG_WARN_UNREACHABLE_CODE = YES;
				CLANG_WARN__DUPLICATE_METHOD_MATCH = YES;
				COPY_PHASE_STRIP = NO;
				DEBUG_INFORMATION_FORMAT = dwarf;
				ENABLE_STRICT_OBJC_MSGSEND = YES;
				ENABLE_TESTABILITY = YES;
				ENABLE_USER_SCRIPT_SANDBOXING = YES;
				GCC_C_LANGUAGE_STANDARD = gnu17;
				GCC_DYNAMIC_NO_PIC = NO;
				GCC_NO_COMMON_BLOCKS = YES;
				GCC_OPTIMIZATION_LEVEL = 0;
				GCC_PREPROCESSOR_DEFINITIONS = (
					"DEBUG=1",
					"$(inherited)",
				);
				GCC_WARN_64_TO_32_BIT_CONVERSION = YES;
				GCC_WARN_ABOUT_RETURN_TYPE = YES_ERROR;
				GCC_WARN_UNDECLARED_SELECTOR = YES;
				GCC_WARN_UNINITIALIZED_AUTOS = YES_AGGRESSIVE;
				GCC_WARN_UNUSED_FUNCTION = YES;
				GCC_WARN_UNUSED_VARIABLE = YES;
				IPHONEOS_DEPLOYMENT_TARGET = 26.2;
				LOCALIZATION_PREFERS_STRING_CATALOGS = YES;
				MTL_ENABLE_DEBUG_INFO = INCLUDE_SOURCE;
				MTL_FAST_MATH = YES;
				ONLY_ACTIVE_ARCH = YES;
				SDKROOT = iphoneos;
				SWIFT_ACTIVE_COMPILATION_CONDITIONS = "DEBUG $(inherited)";
				SWIFT_OPTIMIZATION_LEVEL = "-Onone";
			};
			name = Debug;
		};
		729483AA2F521119009C212A /* Release */ = {
			isa = XCBuildConfiguration;
			buildSettings = {
				ALWAYS_SEARCH_USER_PATHS = NO;
				ASSETCATALOG_COMPILER_GENERATE_SWIFT_ASSET_SYMBOL_EXTENSIONS = YES;
				CLANG_ANALYZER_NONNULL = YES;
				CLANG_ANALYZER_NUMBER_OBJECT_CONVERSION = YES_AGGRESSIVE;
				CLANG_CXX_LANGUAGE_STANDARD = "gnu++20";
				CLANG_ENABLE_MODULES = YES;
				CLANG_ENABLE_OBJC_ARC = YES;
				CLANG_ENABLE_OBJC_WEAK = YES;
				CLANG_WARN_BLOCK_CAPTURE_AUTORELEASING = YES;
				CLANG_WARN_BOOL_CONVERSION = YES;
				CLANG_WARN_COMMA = YES;
				CLANG_WARN_CONSTANT_CONVERSION = YES;
				CLANG_WARN_DEPRECATED_OBJC_IMPLEMENTATIONS = YES;
				CLANG_WARN_DIRECT_OBJC_ISA_USAGE = YES_ERROR;
				CLANG_WARN_DOCUMENTATION_COMMENTS = YES;
				CLANG_WARN_EMPTY_BODY = YES;
				CLANG_WARN_ENUM_CONVERSION = YES;
				CLANG_WARN_INFINITE_RECURSION = YES;
				CLANG_WARN_INT_CONVERSION = YES;
				CLANG_WARN_NON_LITERAL_NULL_CONVERSION = YES;
				CLANG_WARN_OBJC_IMPLICIT_RETAIN_SELF = YES;
				CLANG_WARN_OBJC_LITERAL_CONVERSION = YES;
				CLANG_WARN_OBJC_ROOT_CLASS = YES_ERROR;
				CLANG_WARN_QUOTED_INCLUDE_IN_FRAMEWORK_HEADER = YES;
				CLANG_WARN_RANGE_LOOP_ANALYSIS = YES;
				CLANG_WARN_STRICT_PROTOTYPES = YES;
				CLANG_WARN_SUSPICIOUS_MOVE = YES;
				CLANG_WARN_UNGUARDED_AVAILABILITY = YES_AGGRESSIVE;
				CLANG_WARN_UNREACHABLE_CODE = YES;
				CLANG_WARN__DUPLICATE_METHOD_MATCH = YES;
				COPY_PHASE_STRIP = NO;
				DEBUG_INFORMATION_FORMAT = "dwarf-with-dsym";
				ENABLE_NS_ASSERTIONS = NO;
				ENABLE_STRICT_OBJC_MSGSEND = YES;
				ENABLE_USER_SCRIPT_SANDBOXING = YES;
				GCC_C_LANGUAGE_STANDARD = gnu17;
				GCC_NO_COMMON_BLOCKS = YES;
				GCC_WARN_64_TO_32_BIT_CONVERSION = YES;
				GCC_WARN_ABOUT_RETURN_TYPE = YES_ERROR;
				GCC_WARN_UNDECLARED_SELECTOR = YES;
				GCC_WARN_UNINITIALIZED_AUTOS = YES_AGGRESSIVE;
				GCC_WARN_UNUSED_FUNCTION = YES;
				GCC_WARN_UNUSED_VARIABLE = YES;
				IPHONEOS_DEPLOYMENT_TARGET = 26.2;
				LOCALIZATION_PREFERS_STRING_CATALOGS = YES;
				MTL_ENABLE_DEBUG_INFO = NO;
				MTL_FAST_MATH = YES;
				SDKROOT = iphoneos;
				SWIFT_COMPILATION_MODE = wholemodule;
				VALIDATE_PRODUCT = YES;
			};
			name = Release;
		};
		729483AC2F521119009C212A /* Debug */ = {
			isa = XCBuildConfiguration;
			buildSettings = {
				ASSETCATALOG_COMPILER_APPICON_NAME = AppIcon;
				ASSETCATALOG_COMPILER_GLOBAL_ACCENT_COLOR_NAME = AccentColor;
				CODE_SIGN_ENTITLEMENTS = NoLookBudget/NoLookBudget.entitlements;
				CODE_SIGN_STYLE = Automatic;
				CURRENT_PROJECT_VERSION = 1;
				DEVELOPMENT_TEAM = SR4K79A5H5;
				ENABLE_PREVIEWS = YES;
				GENERATE_INFOPLIST_FILE = YES;
				INFOPLIST_KEY_UIApplicationSceneManifest_Generation = YES;
				INFOPLIST_KEY_UIApplicationSupportsIndirectInputEvents = YES;
				INFOPLIST_KEY_UILaunchScreen_Generation = YES;
				INFOPLIST_KEY_UISupportedInterfaceOrientations_iPad = "UIInterfaceOrientationPortrait UIInterfaceOrientationPortraitUpsideDown UIInterfaceOrientationLandscapeLeft UIInterfaceOrientationLandscapeRight";
				INFOPLIST_KEY_UISupportedInterfaceOrientations_iPhone = "UIInterfaceOrientationPortrait UIInterfaceOrientationLandscapeLeft UIInterfaceOrientationLandscapeRight";
				LD_RUNPATH_SEARCH_PATHS = (
					"$(inherited)",
					"@executable_path/Frameworks",
				);
				MARKETING_VERSION = 1.0;
				PRODUCT_BUNDLE_IDENTIFIER = com.arima0903.NoLookBudget;
				PRODUCT_NAME = "$(TARGET_NAME)";
				STRING_CATALOG_GENERATE_SYMBOLS = YES;
				SWIFT_APPROACHABLE_CONCURRENCY = YES;
				SWIFT_DEFAULT_ACTOR_ISOLATION = MainActor;
				SWIFT_EMIT_LOC_STRINGS = YES;
				SWIFT_UPCOMING_FEATURE_MEMBER_IMPORT_VISIBILITY = YES;
				SWIFT_VERSION = 5.0;
				TARGETED_DEVICE_FAMILY = "1,2";
			};
			name = Debug;
		};
		729483AD2F521119009C212A /* Release */ = {
			isa = XCBuildConfiguration;
			buildSettings = {
				ASSETCATALOG_COMPILER_APPICON_NAME = AppIcon;
				ASSETCATALOG_COMPILER_GLOBAL_ACCENT_COLOR_NAME = AccentColor;
				CODE_SIGN_ENTITLEMENTS = NoLookBudget/NoLookBudget.entitlements;
				CODE_SIGN_STYLE = Automatic;
				CURRENT_PROJECT_VERSION = 1;
				DEVELOPMENT_TEAM = SR4K79A5H5;
				ENABLE_PREVIEWS = YES;
				GENERATE_INFOPLIST_FILE = YES;
				INFOPLIST_KEY_UIApplicationSceneManifest_Generation = YES;
				INFOPLIST_KEY_UIApplicationSupportsIndirectInputEvents = YES;
				INFOPLIST_KEY_UILaunchScreen_Generation = YES;
				INFOPLIST_KEY_UISupportedInterfaceOrientations_iPad = "UIInterfaceOrientationPortrait UIInterfaceOrientationPortraitUpsideDown UIInterfaceOrientationLandscapeLeft UIInterfaceOrientationLandscapeRight";
				INFOPLIST_KEY_UISupportedInterfaceOrientations_iPhone = "UIInterfaceOrientationPortrait UIInterfaceOrientationLandscapeLeft UIInterfaceOrientationLandscapeRight";
				LD_RUNPATH_SEARCH_PATHS = (
					"$(inherited)",
					"@executable_path/Frameworks",
				);
				MARKETING_VERSION = 1.0;
				PRODUCT_BUNDLE_IDENTIFIER = com.arima0903.NoLookBudget;
				PRODUCT_NAME = "$(TARGET_NAME)";
				STRING_CATALOG_GENERATE_SYMBOLS = YES;
				SWIFT_APPROACHABLE_CONCURRENCY = YES;
				SWIFT_DEFAULT_ACTOR_ISOLATION = MainActor;
				SWIFT_EMIT_LOC_STRINGS = YES;
				SWIFT_UPCOMING_FEATURE_MEMBER_IMPORT_VISIBILITY = YES;
				SWIFT_VERSION = 5.0;
				TARGETED_DEVICE_FAMILY = "1,2";
			};
			name = Release;
		};
		729484192F522AB7009C212A /* Debug */ = {
			isa = XCBuildConfiguration;
			buildSettings = {
				ASSETCATALOG_COMPILER_GLOBAL_ACCENT_COLOR_NAME = AccentColor;
				ASSETCATALOG_COMPILER_WIDGET_BACKGROUND_COLOR_NAME = WidgetBackground;
				CODE_SIGN_ENTITLEMENTS = NoLookBudgetWidgetExtension.entitlements;
				CODE_SIGN_STYLE = Automatic;
				CURRENT_PROJECT_VERSION = 1;
				DEVELOPMENT_TEAM = SR4K79A5H5;
				GENERATE_INFOPLIST_FILE = YES;
				INFOPLIST_FILE = NoLookBudgetWidget/Info.plist;
				INFOPLIST_KEY_CFBundleDisplayName = NoLookBudgetWidget;
				INFOPLIST_KEY_NSHumanReadableCopyright = "";
				LD_RUNPATH_SEARCH_PATHS = (
					"$(inherited)",
					"@executable_path/Frameworks",
					"@executable_path/../../Frameworks",
				);
				MARKETING_VERSION = 1.0;
				PRODUCT_BUNDLE_IDENTIFIER = "com.arima0903.NoLookBudget.NoLookBudgetWidget-";
				PRODUCT_NAME = "$(TARGET_NAME)";
				SKIP_INSTALL = YES;
				STRING_CATALOG_GENERATE_SYMBOLS = YES;
				SWIFT_APPROACHABLE_CONCURRENCY = YES;
				SWIFT_EMIT_LOC_STRINGS = YES;
				SWIFT_UPCOMING_FEATURE_MEMBER_IMPORT_VISIBILITY = YES;
				SWIFT_VERSION = 5.0;
				TARGETED_DEVICE_FAMILY = "1,2";
			};
			name = Debug;
		};
		7294841A2F522AB7009C212A /* Release */ = {
			isa = XCBuildConfiguration;
			buildSettings = {
				ASSETCATALOG_COMPILER_GLOBAL_ACCENT_COLOR_NAME = AccentColor;
				ASSETCATALOG_COMPILER_WIDGET_BACKGROUND_COLOR_NAME = WidgetBackground;
				CODE_SIGN_ENTITLEMENTS = NoLookBudgetWidgetExtension.entitlements;
				CODE_SIGN_STYLE = Automatic;
				CURRENT_PROJECT_VERSION = 1;
				DEVELOPMENT_TEAM = SR4K79A5H5;
				GENERATE_INFOPLIST_FILE = YES;
				INFOPLIST_FILE = NoLookBudgetWidget/Info.plist;
				INFOPLIST_KEY_CFBundleDisplayName = NoLookBudgetWidget;
				INFOPLIST_KEY_NSHumanReadableCopyright = "";
				LD_RUNPATH_SEARCH_PATHS = (
					"$(inherited)",
					"@executable_path/Frameworks",
					"@executable_path/../../Frameworks",
				);
				MARKETING_VERSION = 1.0;
				PRODUCT_BUNDLE_IDENTIFIER = "com.arima0903.NoLookBudget.NoLookBudgetWidget-";
				PRODUCT_NAME = "$(TARGET_NAME)";
				SKIP_INSTALL = YES;
				STRING_CATALOG_GENERATE_SYMBOLS = YES;
				SWIFT_APPROACHABLE_CONCURRENCY = YES;
				SWIFT_EMIT_LOC_STRINGS = YES;
				SWIFT_UPCOMING_FEATURE_MEMBER_IMPORT_VISIBILITY = YES;
				SWIFT_VERSION = 5.0;
				TARGETED_DEVICE_FAMILY = "1,2";
			};
			name = Release;
		};
		72A19EC22F58A1C8005F04F0 /* Debug */ = {
			isa = XCBuildConfiguration;
			buildSettings = {
				BUNDLE_LOADER = "$(TEST_HOST)";
				CODE_SIGN_STYLE = Automatic;
				CURRENT_PROJECT_VERSION = 1;
				DEVELOPMENT_TEAM = SR4K79A5H5;
				GENERATE_INFOPLIST_FILE = YES;
				MARKETING_VERSION = 1.0;
				PRODUCT_BUNDLE_IDENTIFIER = com.koji.NoLookBudgetTests;
				PRODUCT_NAME = "$(TARGET_NAME)";
				STRING_CATALOG_GENERATE_SYMBOLS = NO;
				SWIFT_APPROACHABLE_CONCURRENCY = YES;
				SWIFT_EMIT_LOC_STRINGS = NO;
				SWIFT_UPCOMING_FEATURE_MEMBER_IMPORT_VISIBILITY = YES;
				SWIFT_VERSION = 5.0;
				TARGETED_DEVICE_FAMILY = "1,2";
				TEST_HOST = "$(BUILT_PRODUCTS_DIR)/NoLookBudget.app/$(BUNDLE_EXECUTABLE_FOLDER_PATH)/NoLookBudget";
			};
			name = Debug;
		};
		72A19EC32F58A1C8005F04F0 /* Release */ = {
			isa = XCBuildConfiguration;
			buildSettings = {
				BUNDLE_LOADER = "$(TEST_HOST)";
				CODE_SIGN_STYLE = Automatic;
				CURRENT_PROJECT_VERSION = 1;
				DEVELOPMENT_TEAM = SR4K79A5H5;
				GENERATE_INFOPLIST_FILE = YES;
				MARKETING_VERSION = 1.0;
				PRODUCT_BUNDLE_IDENTIFIER = com.koji.NoLookBudgetTests;
				PRODUCT_NAME = "$(TARGET_NAME)";
				STRING_CATALOG_GENERATE_SYMBOLS = NO;
				SWIFT_APPROACHABLE_CONCURRENCY = YES;
				SWIFT_EMIT_LOC_STRINGS = NO;
				SWIFT_UPCOMING_FEATURE_MEMBER_IMPORT_VISIBILITY = YES;
				SWIFT_VERSION = 5.0;
				TARGETED_DEVICE_FAMILY = "1,2";
				TEST_HOST = "$(BUILT_PRODUCTS_DIR)/NoLookBudget.app/$(BUNDLE_EXECUTABLE_FOLDER_PATH)/NoLookBudget";
			};
			name = Release;
		};
/* End XCBuildConfiguration section */

/* Begin XCConfigurationList section */
		729483992F521118009C212A /* Build configuration list for PBXProject "NoLookBudget" */ = {
			isa = XCConfigurationList;
			buildConfigurations = (
				729483A92F521119009C212A /* Debug */,
				729483AA2F521119009C212A /* Release */,
			);
			defaultConfigurationIsVisible = 0;
			defaultConfigurationName = Release;
		};
		729483AB2F521119009C212A /* Build configuration list for PBXNativeTarget "NoLookBudget" */ = {
			isa = XCConfigurationList;
			buildConfigurations = (
				729483AC2F521119009C212A /* Debug */,
				729483AD2F521119009C212A /* Release */,
			);
			defaultConfigurationIsVisible = 0;
			defaultConfigurationName = Release;
		};
		729484182F522AB7009C212A /* Build configuration list for PBXNativeTarget "NoLookBudgetWidgetExtension" */ = {
			isa = XCConfigurationList;
			buildConfigurations = (
				729484192F522AB7009C212A /* Debug */,
				7294841A2F522AB7009C212A /* Release */,
			);
			defaultConfigurationIsVisible = 0;
			defaultConfigurationName = Release;
		};
		72A19EC12F58A1C8005F04F0 /* Build configuration list for PBXNativeTarget "NoLookBudgetTests" */ = {
			isa = XCConfigurationList;
			buildConfigurations = (
				72A19EC22F58A1C8005F04F0 /* Debug */,
				72A19EC32F58A1C8005F04F0 /* Release */,
			);
			defaultConfigurationIsVisible = 0;
			defaultConfigurationName = Release;
		};
/* End XCConfigurationList section */
	};
	rootObject = 729483962F521118009C212A /* Project object */;
}
